
Microsoft Visual Studio Solution File, Format Version 12.00
# Visual Studio Version 16
VisualStudioVersion = 16.0.30011.22
MinimumVisualStudioVersion = 10.0.40219.1
Project("{FAE04EC0-301F-11D3-BF4B-00C04F79EFBC}") = "WebApplication1", "WebApplication1\WebApplication1.csproj", "{6D8D5B8B-CD66-4C2A-B366-9D62D7BF4085}"
EndProject
Global
	GlobalSection(SolutionConfigurationPlatforms) = preSolution
		Debug|Any CPU = Debug|Any CPU
		Release|Any CPU = Release|Any CPU
	EndGlobalSection
	GlobalSection(ProjectConfigurationPlatforms) = postSolution
		{6D8D5B8B-CD66-4C2A-B366-9D62D7BF4085}.Debug|Any CPU.ActiveCfg = Debug|Any CPU
		{6D8D5B8B-CD66-4C2A-B366-9D62D7BF4085}.Debug|Any CPU.Build.0 = Debug|Any CPU
		{6D8D5B8B-CD66-4C2A-B366-9D62D7BF4085}.Release|Any CPU.ActiveCfg = Release|Any CPU
		{6D8D5B8B-CD66-4C2A-B366-9D62D7BF4085}.Release|Any CPU.Build.0 = Release|Any CPU
	EndGlobalSection
	GlobalSection(SolutionProperties) = preSolution
		HideSolutionNode = FALSE
	EndGlobalSection
	GlobalSection(ExtensibilityGlobals) = postSolution
		SolutionGuid = {A1F662C0-E673-416D-A6E6-B6363BDFBFE2}
	EndGlobalSection
EndGlobal
